
Microsoft Visual Studio Solution File, Format Version 12.00
# Visual Studio Version 17
VisualStudioVersion = 17.8.34511.84
MinimumVisualStudioVersion = 10.0.40219.1
Project("{FAE04EC0-301F-11D3-BF4B-00C04F79EFBC}") = "AdminSysWF", "AdminSysWF\AdminSysWF.csproj", "{62B20BDE-4737-4CFF-BC1E-77498F47DC44}"
EndProject
Global
	GlobalSection(SolutionConfigurationPlatforms) = preSolution
		Debug|Any CPU = Debug|Any CPU
		Release|Any CPU = Release|Any CPU
	EndGlobalSection
	GlobalSection(ProjectConfigurationPlatforms) = postSolution
		{62B20BDE-4737-4CFF-BC1E-77498F47DC44}.Debug|Any CPU.ActiveCfg = Debug|Any CPU
		{62B20BDE-4737-4CFF-BC1E-77498F47DC44}.Debug|Any CPU.Build.0 = Debug|Any CPU
		{62B20BDE-4737-4CFF-BC1E-77498F47DC44}.Release|Any CPU.ActiveCfg = Release|Any CPU
		{62B20BDE-4737-4CFF-BC1E-77498F47DC44}.Release|Any CPU.Build.0 = Release|Any CPU
	EndGlobalSection
	GlobalSection(SolutionProperties) = preSolution
		HideSolutionNode = FALSE
	EndGlobalSection
	GlobalSection(ExtensibilityGlobals) = postSolution
		SolutionGuid = {B3BD0058-D5C9-4AA7-85ED-A16014FA8EAD}
	EndGlobalSection
EndGlobal
